
Microsoft Visual Studio Solution File, Format Version 12.00
# Visual Studio Version 16
VisualStudioVersion = 25.0.1706.3
MinimumVisualStudioVersion = 10.0.40219.1
Project("{FAE04EC0-301F-11D3-BF4B-00C04F79EFBC}") = "OffilneConversionsExe", "OffilneConversionsExe\OffilneConversionsExe.csproj", "{BBDFAD7F-DE77-4AE2-B397-C6814A21694D}"
EndProject
Global
	GlobalSection(SolutionConfigurationPlatforms) = preSolution
		Debug|Any CPU = Debug|Any CPU
		Release|Any CPU = Release|Any CPU
	EndGlobalSection
	GlobalSection(ProjectConfigurationPlatforms) = postSolution
		{BBDFAD7F-DE77-4AE2-B397-C6814A21694D}.Debug|Any CPU.ActiveCfg = Debug|Any CPU
		{BBDFAD7F-DE77-4AE2-B397-C6814A21694D}.Debug|Any CPU.Build.0 = Debug|Any CPU
		{BBDFAD7F-DE77-4AE2-B397-C6814A21694D}.Release|Any CPU.ActiveCfg = Release|Any CPU
		{BBDFAD7F-DE77-4AE2-B397-C6814A21694D}.Release|Any CPU.Build.0 = Release|Any CPU
	EndGlobalSection
	GlobalSection(SolutionProperties) = preSolution
		HideSolutionNode = FALSE
	EndGlobalSection
	GlobalSection(ExtensibilityGlobals) = postSolution
		SolutionGuid = {128DEEB5-A796-4757-9A16-9A99502CBB47}
	EndGlobalSection
EndGlobal
